
Microsoft Visual Studio Solution File, Format Version 12.00
# Visual Studio 15
VisualStudioVersion = 15.0.28307.902
MinimumVisualStudioVersion = 10.0.40219.1
Project("{FAE04EC0-301F-11D3-BF4B-00C04F79EFBC}") = "GestionConcours", "GestionConcours\GestionConcours.csproj", "{4B96D82D-AAED-44ED-8067-9C74CA4BE051}"
EndProject
Project("{FAE04EC0-301F-11D3-BF4B-00C04F79EFBC}") = "GestionConcours.Tests", "GestionConcours.Tests\GestionConcours.Tests.csproj", "{E37AF830-38CA-4B81-AF1D-557651DCB7E8}"
EndProject
Global
	GlobalSection(SolutionConfigurationPlatforms) = preSolution
		Debug|Any CPU = Debug|Any CPU
		Release|Any CPU = Release|Any CPU
	EndGlobalSection
	GlobalSection(ProjectConfigurationPlatforms) = postSolution
		{4B96D82D-AAED-44ED-8067-9C74CA4BE051}.Debug|Any CPU.ActiveCfg = Debug|Any CPU
		{4B96D82D-AAED-44ED-8067-9C74CA4BE051}.Debug|Any CPU.Build.0 = Debug|Any CPU
		{4B96D82D-AAED-44ED-8067-9C74CA4BE051}.Release|Any CPU.ActiveCfg = Release|Any CPU
		{4B96D82D-AAED-44ED-8067-9C74CA4BE051}.Release|Any CPU.Build.0 = Release|Any CPU
		{E37AF830-38CA-4B81-AF1D-557651DCB7E8}.Debug|Any CPU.ActiveCfg = Debug|Any CPU
		{E37AF830-38CA-4B81-AF1D-557651DCB7E8}.Debug|Any CPU.Build.0 = Debug|Any CPU
		{E37AF830-38CA-4B81-AF1D-557651DCB7E8}.Release|Any CPU.ActiveCfg = Release|Any CPU
		{E37AF830-38CA-4B81-AF1D-557651DCB7E8}.Release|Any CPU.Build.0 = Release|Any CPU
	EndGlobalSection
	GlobalSection(SolutionProperties) = preSolution
		HideSolutionNode = FALSE
	EndGlobalSection
	GlobalSection(ExtensibilityGlobals) = postSolution
		SolutionGuid = {8D3C6E9E-CD43-463E-BE8F-55B192314139}
	EndGlobalSection
EndGlobal
